// !$*UTF8*$!
{
	archiveVersion = 1;
	classes = {
	};
	objectVersion = 46;
	objects = {

/* Begin PBXBuildFile section */
		B7A9C6C01918A4D500777A79 /* Logo.png in Resources */ = {isa = PBXBuildFile; fileRef = B7A9C6BF1918A4D500777A79 /* Logo.png */; };
		B7C3CCE9195F716C00126C4C /* SearchViewController.m in Sources */ = {isa = PBXBuildFile; fileRef = B7C3CCE8195F716C00126C4C /* SearchViewController.m */; };
		B7C3CCF1195FFE3200126C4C /* RestaurantTableViewController.m in Sources */ = {isa = PBXBuildFile; fileRef = B7C3CCF0195FFE3200126C4C /* RestaurantTableViewController.m */; };
		B7C3CCF41960638D00126C4C /* InspectionsTableViewController.m in Sources */ = {isa = PBXBuildFile; fileRef = B7C3CCF31960638D00126C4C /* InspectionsTableViewController.m */; };
		B7C3CCF71969FB6400126C4C /* Restaurant.m in Sources */ = {isa = PBXBuildFile; fileRef = B7C3CCF61969FB6400126C4C /* Restaurant.m */; };
		B7E020C118C506260016C912 /* Foundation.framework in Frameworks */ = {isa = PBXBuildFile; fileRef = B7E020C018C506260016C912 /* Foundation.framework */; };
		B7E020C318C506260016C912 /* CoreGraphics.framework in Frameworks */ = {isa = PBXBuildFile; fileRef = B7E020C218C506260016C912 /* CoreGraphics.framework */; };
		B7E020C518C506260016C912 /* UIKit.framework in Frameworks */ = {isa = PBXBuildFile; fileRef = B7E020C418C506260016C912 /* UIKit.framework */; };
		B7E020CB18C506260016C912 /* InfoPlist.strings in Resources */ = {isa = PBXBuildFile; fileRef = B7E020C918C506260016C912 /* InfoPlist.strings */; };
		B7E020CD18C506260016C912 /* main.m in Sources */ = {isa = PBXBuildFile; fileRef = B7E020CC18C506260016C912 /* main.m */; };
		B7E020D118C506260016C912 /* SafeToEatAppDelegate.m in Sources */ = {isa = PBXBuildFile; fileRef = B7E020D018C506260016C912 /* SafeToEatAppDelegate.m */; };
		B7E020D418C506260016C912 /* Main.storyboard in Resources */ = {isa = PBXBuildFile; fileRef = B7E020D218C506260016C912 /* Main.storyboard */; };
		B7E020D718C506260016C912 /* SafeToEatViewController.m in Sources */ = {isa = PBXBuildFile; fileRef = B7E020D618C506260016C912 /* SafeToEatViewController.m */; };
		B7E020D918C506260016C912 /* Images.xcassets in Resources */ = {isa = PBXBuildFile; fileRef = B7E020D818C506260016C912 /* Images.xcassets */; };
		B7E020E018C506260016C912 /* XCTest.framework in Frameworks */ = {isa = PBXBuildFile; fileRef = B7E020DF18C506260016C912 /* XCTest.framework */; };
		B7E020E118C506260016C912 /* Foundation.framework in Frameworks */ = {isa = PBXBuildFile; fileRef = B7E020C018C506260016C912 /* Foundation.framework */; };
		B7E020E218C506260016C912 /* UIKit.framework in Frameworks */ = {isa = PBXBuildFile; fileRef = B7E020C418C506260016C912 /* UIKit.framework */; };
		B7E020EA18C506260016C912 /* InfoPlist.strings in Resources */ = {isa = PBXBuildFile; fileRef = B7E020E818C506260016C912 /* InfoPlist.strings */; };
		B7E020EC18C506260016C912 /* SafeToEatTests.m in Sources */ = {isa = PBXBuildFile; fileRef = B7E020EB18C506260016C912 /* SafeToEatTests.m */; };
		B7E020F818C509260016C912 /* CoreLocation.framework in Frameworks */ = {isa = PBXBuildFile; fileRef = B7E020F718C509260016C912 /* CoreLocation.framework */; };
		C504C03C53A9406FBF359E49 /* libPods.a in Frameworks */ = {isa = PBXBuildFile; fileRef = 018F2BFE6CAD4E24A7A1C689 /* libPods.a */; };
/* End PBXBuildFile section */

/* Begin PBXContainerItemProxy section */
		B7E020E318C506260016C912 /* PBXContainerItemProxy */ = {
			isa = PBXContainerItemProxy;
			containerPortal = B7E020B518C506260016C912 /* Project object */;
			proxyType = 1;
			remoteGlobalIDString = B7E020BC18C506260016C912;
			remoteInfo = SafeToEat;
		};
/* End PBXContainerItemProxy section */

/* Begin PBXFileReference section */
		018F2BFE6CAD4E24A7A1C689 /* libPods.a */ = {isa = PBXFileReference; explicitFileType = archive.ar; includeInIndex = 0; path = libPods.a; sourceTree = BUILT_PRODUCTS_DIR; };
		B7A9C6BF1918A4D500777A79 /* Logo.png */ = {isa = PBXFileReference; lastKnownFileType = image.png; path = Logo.png; sourceTree = "<group>"; };
		B7C3CCE7195F716C00126C4C /* SearchViewController.h */ = {isa = PBXFileReference; fileEncoding = 4; lastKnownFileType = sourcecode.c.h; path = SearchViewController.h; sourceTree = "<group>"; };
		B7C3CCE8195F716C00126C4C /* SearchViewController.m */ = {isa = PBXFileReference; fileEncoding = 4; lastKnownFileType = sourcecode.c.objc; path = SearchViewController.m; sourceTree = "<group>"; };
		B7C3CCEA195FA15100126C4C /* fontawesome-webfont.ttf */ = {isa = PBXFileReference; lastKnownFileType = file; path = "fontawesome-webfont.ttf"; sourceTree = "<group>"; };
		B7C3CCEF195FFE3200126C4C /* RestaurantTableViewController.h */ = {isa = PBXFileReference; fileEncoding = 4; lastKnownFileType = sourcecode.c.h; path = RestaurantTableViewController.h; sourceTree = "<group>"; };
		B7C3CCF0195FFE3200126C4C /* RestaurantTableViewController.m */ = {isa = PBXFileReference; fileEncoding = 4; lastKnownFileType = sourcecode.c.objc; path = RestaurantTableViewController.m; sourceTree = "<group>"; };
		B7C3CCF21960638D00126C4C /* InspectionsTableViewController.h */ = {isa = PBXFileReference; fileEncoding = 4; lastKnownFileType = sourcecode.c.h; path = InspectionsTableViewController.h; sourceTree = "<group>"; };
		B7C3CCF31960638D00126C4C /* InspectionsTableViewController.m */ = {isa = PBXFileReference; fileEncoding = 4; lastKnownFileType = sourcecode.c.objc; path = InspectionsTableViewController.m; sourceTree = "<group>"; };
		B7C3CCF51969FB6400126C4C /* Restaurant.h */ = {isa = PBXFileReference; fileEncoding = 4; lastKnownFileType = sourcecode.c.h; path = Restaurant.h; sourceTree = "<group>"; };
		B7C3CCF61969FB6400126C4C /* Restaurant.m */ = {isa = PBXFileReference; fileEncoding = 4; lastKnownFileType = sourcecode.c.objc; path = Restaurant.m; sourceTree = "<group>"; };
		B7E020BD18C506260016C912 /* SafeToEat.app */ = {isa = PBXFileReference; explicitFileType = wrapper.application; includeInIndex = 0; path = SafeToEat.app; sourceTree = BUILT_PRODUCTS_DIR; };
		B7E020C018C506260016C912 /* Foundation.framework */ = {isa = PBXFileReference; lastKnownFileType = wrapper.framework; name = Foundation.framework; path = System/Library/Frameworks/Foundation.framework; sourceTree = SDKROOT; };
		B7E020C218C506260016C912 /* CoreGraphics.framework */ = {isa = PBXFileReference; lastKnownFileType = wrapper.framework; name = CoreGraphics.framework; path = System/Library/Frameworks/CoreGraphics.framework; sourceTree = SDKROOT; };
		B7E020C418C506260016C912 /* UIKit.framework */ = {isa = PBXFileReference; lastKnownFileType = wrapper.framework; name = UIKit.framework; path = System/Library/Frameworks/UIKit.framework; sourceTree = SDKROOT; };
		B7E020C818C506260016C912 /* SafeToEat-Info.plist */ = {isa = PBXFileReference; lastKnownFileType = text.plist.xml; path = "SafeToEat-Info.plist"; sourceTree = "<group>"; };
		B7E020CA18C506260016C912 /* en */ = {isa = PBXFileReference; lastKnownFileType = text.plist.strings; name = en; path = en.lproj/InfoPlist.strings; sourceTree = "<group>"; };
		B7E020CC18C506260016C912 /* main.m */ = {isa = PBXFileReference; lastKnownFileType = sourcecode.c.objc; path = main.m; sourceTree = "<group>"; };
		B7E020CE18C506260016C912 /* SafeToEat-Prefix.pch */ = {isa = PBXFileReference; lastKnownFileType = sourcecode.c.h; path = "SafeToEat-Prefix.pch"; sourceTree = "<group>"; };
		B7E020CF18C506260016C912 /* SafeToEatAppDelegate.h */ = {isa = PBXFileReference; lastKnownFileType = sourcecode.c.h; path = SafeToEatAppDelegate.h; sourceTree = "<group>"; };
		B7E020D018C506260016C912 /* SafeToEatAppDelegate.m */ = {isa = PBXFileReference; lastKnownFileType = sourcecode.c.objc; path = SafeToEatAppDelegate.m; sourceTree = "<group>"; };
		B7E020D318C506260016C912 /* Base */ = {isa = PBXFileReference; lastKnownFileType = file.storyboard; name = Base; path = Base.lproj/Main.storyboard; sourceTree = "<group>"; };
		B7E020D518C506260016C912 /* SafeToEatViewController.h */ = {isa = PBXFileReference; lastKnownFileType = sourcecode.c.h; path = SafeToEatViewController.h; sourceTree = "<group>"; };
		B7E020D618C506260016C912 /* SafeToEatViewController.m */ = {isa = PBXFileReference; lastKnownFileType = sourcecode.c.objc; path = SafeToEatViewController.m; sourceTree = "<group>"; };
		B7E020D818C506260016C912 /* Images.xcassets */ = {isa = PBXFileReference; lastKnownFileType = folder.assetcatalog; path = Images.xcassets; sourceTree = "<group>"; };
		B7E020DE18C506260016C912 /* SafeToEatTests.xctest */ = {isa = PBXFileReference; explicitFileType = wrapper.cfbundle; includeInIndex = 0; path = SafeToEatTests.xctest; sourceTree = BUILT_PRODUCTS_DIR; };
		B7E020DF18C506260016C912 /* XCTest.framework */ = {isa = PBXFileReference; lastKnownFileType = wrapper.framework; name = XCTest.framework; path = Library/Frameworks/XCTest.framework; sourceTree = DEVELOPER_DIR; };
		B7E020E718C506260016C912 /* SafeToEatTests-Info.plist */ = {isa = PBXFileReference; lastKnownFileType = text.plist.xml; path = "SafeToEatTests-Info.plist"; sourceTree = "<group>"; };
		B7E020E918C506260016C912 /* en */ = {isa = PBXFileReference; lastKnownFileType = text.plist.strings; name = en; path = en.lproj/InfoPlist.strings; sourceTree = "<group>"; };
		B7E020EB18C506260016C912 /* SafeToEatTests.m */ = {isa = PBXFileReference; lastKnownFileType = sourcecode.c.objc; path = SafeToEatTests.m; sourceTree = "<group>"; };
		B7E020F518C506DD0016C912 /* MobileCoreServices.framework */ = {isa = PBXFileReference; lastKnownFileType = wrapper.framework; name = MobileCoreServices.framework; path = System/Library/Frameworks/MobileCoreServices.framework; sourceTree = SDKROOT; };
		B7E020F718C509260016C912 /* CoreLocation.framework */ = {isa = PBXFileReference; lastKnownFileType = wrapper.framework; name = CoreLocation.framework; path = System/Library/Frameworks/CoreLocation.framework; sourceTree = SDKROOT; };
		F0CA2173F83D41DEA6822016 /* Pods.xcconfig */ = {isa = PBXFileReference; includeInIndex = 1; lastKnownFileType = text.xcconfig; name = Pods.xcconfig; path = Pods/Pods.xcconfig; sourceTree = "<group>"; };
/* End PBXFileReference section */

/* Begin PBXFrameworksBuildPhase section */
		B7E020BA18C506260016C912 /* Frameworks */ = {
			isa = PBXFrameworksBuildPhase;
			buildActionMask = 2147483647;
			files = (
				B7E020F818C509260016C912 /* CoreLocation.framework in Frameworks */,
				B7E020C318C506260016C912 /* CoreGraphics.framework in Frameworks */,
				B7E020C518C506260016C912 /* UIKit.framework in Frameworks */,
				B7E020C118C506260016C912 /* Foundation.framework in Frameworks */,
				C504C03C53A9406FBF359E49 /* libPods.a in Frameworks */,
			);
			runOnlyForDeploymentPostprocessing = 0;
		};
		B7E020DB18C506260016C912 /* Frameworks */ = {
			isa = PBXFrameworksBuildPhase;
			buildActionMask = 2147483647;
			files = (
				B7E020E018C506260016C912 /* XCTest.framework in Frameworks */,
				B7E020E218C506260016C912 /* UIKit.framework in Frameworks */,
				B7E020E118C506260016C912 /* Foundation.framework in Frameworks */,
			);
			runOnlyForDeploymentPostprocessing = 0;
		};
/* End PBXFrameworksBuildPhase section */

/* Begin PBXGroup section */
		B7E020B418C506260016C912 = {
			isa = PBXGroup;
			children = (
				B7E020C618C506260016C912 /* SafeToEat */,
				B7E020E518C506260016C912 /* SafeToEatTests */,
				B7E020BF18C506260016C912 /* Frameworks */,
				B7E020BE18C506260016C912 /* Products */,
				F0CA2173F83D41DEA6822016 /* Pods.xcconfig */,
			);
			sourceTree = "<group>";
		};
		B7E020BE18C506260016C912 /* Products */ = {
			isa = PBXGroup;
			children = (
				B7E020BD18C506260016C912 /* SafeToEat.app */,
				B7E020DE18C506260016C912 /* SafeToEatTests.xctest */,
			);
			name = Products;
			sourceTree = "<group>";
		};
		B7E020BF18C506260016C912 /* Frameworks */ = {
			isa = PBXGroup;
			children = (
				B7E020F718C509260016C912 /* CoreLocation.framework */,
				B7E020F518C506DD0016C912 /* MobileCoreServices.framework */,
				B7E020C018C506260016C912 /* Foundation.framework */,
				B7E020C218C506260016C912 /* CoreGraphics.framework */,
				B7E020C418C506260016C912 /* UIKit.framework */,
				B7E020DF18C506260016C912 /* XCTest.framework */,
				018F2BFE6CAD4E24A7A1C689 /* libPods.a */,
			);
			name = Frameworks;
			sourceTree = "<group>";
		};
		B7E020C618C506260016C912 /* SafeToEat */ = {
			isa = PBXGroup;
			children = (
				B7E020D218C506260016C912 /* Main.storyboard */,
				B7E020D518C506260016C912 /* SafeToEatViewController.h */,
				B7E020D618C506260016C912 /* SafeToEatViewController.m */,
				B7C3CCE7195F716C00126C4C /* SearchViewController.h */,
				B7C3CCE8195F716C00126C4C /* SearchViewController.m */,
				B7C3CCEF195FFE3200126C4C /* RestaurantTableViewController.h */,
				B7C3CCF0195FFE3200126C4C /* RestaurantTableViewController.m */,
				B7C3CCF21960638D00126C4C /* InspectionsTableViewController.h */,
				B7C3CCF31960638D00126C4C /* InspectionsTableViewController.m */,
				B7E020D818C506260016C912 /* Images.xcassets */,
				B7E020C718C506260016C912 /* Supporting Files */,
				B7C3CCF51969FB6400126C4C /* Restaurant.h */,
				B7C3CCF61969FB6400126C4C /* Restaurant.m */,
			);
			path = SafeToEat;
			sourceTree = "<group>";
		};
		B7E020C718C506260016C912 /* Supporting Files */ = {
			isa = PBXGroup;
			children = (
				B7A9C6BF1918A4D500777A79 /* Logo.png */,
				B7C3CCEA195FA15100126C4C /* fontawesome-webfont.ttf */,
				B7E020CF18C506260016C912 /* SafeToEatAppDelegate.h */,
				B7E020D018C506260016C912 /* SafeToEatAppDelegate.m */,
				B7E020C818C506260016C912 /* SafeToEat-Info.plist */,
				B7E020C918C506260016C912 /* InfoPlist.strings */,
				B7E020CC18C506260016C912 /* main.m */,
				B7E020CE18C506260016C912 /* SafeToEat-Prefix.pch */,
			);
			name = "Supporting Files";
			sourceTree = "<group>";
		};
		B7E020E518C506260016C912 /* SafeToEatTests */ = {
			isa = PBXGroup;
			children = (
				B7E020EB18C506260016C912 /* SafeToEatTests.m */,
				B7E020E618C506260016C912 /* Supporting Files */,
			);
			path = SafeToEatTests;
			sourceTree = "<group>";
		};
		B7E020E618C506260016C912 /* Supporting Files */ = {
			isa = PBXGroup;
			children = (
				B7E020E718C506260016C912 /* SafeToEatTests-Info.plist */,
				B7E020E818C506260016C912 /* InfoPlist.strings */,
			);
			name = "Supporting Files";
			sourceTree = "<group>";
		};
/* End PBXGroup section */

/* Begin PBXNativeTarget section */
		B7E020BC18C506260016C912 /* SafeToEat */ = {
			isa = PBXNativeTarget;
			buildConfigurationList = B7E020EF18C506260016C912 /* Build configuration list for PBXNativeTarget "SafeToEat" */;
			buildPhases = (
				8544B853F74B46C28D70AFF7 /* Check Pods Manifest.lock */,
				B7E020B918C506260016C912 /* Sources */,
				B7E020BA18C506260016C912 /* Frameworks */,
				B7E020BB18C506260016C912 /* Resources */,
				EDF47B8B20B54B34B666A446 /* Copy Pods Resources */,
			);
			buildRules = (
			);
			dependencies = (
			);
			name = SafeToEat;
			productName = SafeToEat;
			productReference = B7E020BD18C506260016C912 /* SafeToEat.app */;
			productType = "com.apple.product-type.application";
		};
		B7E020DD18C506260016C912 /* SafeToEatTests */ = {
			isa = PBXNativeTarget;
			buildConfigurationList = B7E020F218C506260016C912 /* Build configuration list for PBXNativeTarget "SafeToEatTests" */;
			buildPhases = (
				B7E020DA18C506260016C912 /* Sources */,
				B7E020DB18C506260016C912 /* Frameworks */,
				B7E020DC18C506260016C912 /* Resources */,
			);
			buildRules = (
			);
			dependencies = (
				B7E020E418C506260016C912 /* PBXTargetDependency */,
			);
			name = SafeToEatTests;
			productName = SafeToEatTests;
			productReference = B7E020DE18C506260016C912 /* SafeToEatTests.xctest */;
			productType = "com.apple.product-type.bundle.unit-test";
		};
/* End PBXNativeTarget section */

/* Begin PBXProject section */
		B7E020B518C506260016C912 /* Project object */ = {
			isa = PBXProject;
			attributes = {
				CLASSPREFIX = SafeToEat;
				LastUpgradeCheck = 0510;
				ORGANIZATIONNAME = SpiralTech;
				TargetAttributes = {
					B7E020DD18C506260016C912 = {
						TestTargetID = B7E020BC18C506260016C912;
					};
				};
			};
			buildConfigurationList = B7E020B818C506260016C912 /* Build configuration list for PBXProject "SafeToEat" */;
			compatibilityVersion = "Xcode 3.2";
			developmentRegion = English;
			hasScannedForEncodings = 0;
			knownRegions = (
				en,
				Base,
			);
			mainGroup = B7E020B418C506260016C912;
			productRefGroup = B7E020BE18C506260016C912 /* Products */;
			projectDirPath = "";
			projectRoot = "";
			targets = (
				B7E020BC18C506260016C912 /* SafeToEat */,
				B7E020DD18C506260016C912 /* SafeToEatTests */,
			);
		};
/* End PBXProject section */

/* Begin PBXResourcesBuildPhase section */
		B7E020BB18C506260016C912 /* Resources */ = {
			isa = PBXResourcesBuildPhase;
			buildActionMask = 2147483647;
			files = (
				B7A9C6C01918A4D500777A79 /* Logo.png in Resources */,
				B7E020D918C506260016C912 /* Images.xcassets in Resources */,
				B7E020CB18C506260016C912 /* InfoPlist.strings in Resources */,
				B7E020D418C506260016C912 /* Main.storyboard in Resources */,
			);
			runOnlyForDeploymentPostprocessing = 0;
		};
		B7E020DC18C506260016C912 /* Resources */ = {
			isa = PBXResourcesBuildPhase;
			buildActionMask = 2147483647;
			files = (
				B7E020EA18C506260016C912 /* InfoPlist.strings in Resources */,
			);
			runOnlyForDeploymentPostprocessing = 0;
		};
/* End PBXResourcesBuildPhase section */

/* Begin PBXShellScriptBuildPhase section */
		8544B853F74B46C28D70AFF7 /* Check Pods Manifest.lock */ = {
			isa = PBXShellScriptBuildPhase;
			buildActionMask = 2147483647;
			files = (
			);
			inputPaths = (
			);
			name = "Check Pods Manifest.lock";
			outputPaths = (
			);
			runOnlyForDeploymentPostprocessing = 0;
			shellPath = /bin/sh;
			shellScript = "diff \"${PODS_ROOT}/../Podfile.lock\" \"${PODS_ROOT}/Manifest.lock\" > /dev/null\nif [[ $? != 0 ]] ; then\n    cat << EOM\nerror: The sandbox is not in sync with the Podfile.lock. Run 'pod install' or update your CocoaPods installation.\nEOM\n    exit 1\nfi\n";
			showEnvVarsInLog = 0;
		};
		EDF47B8B20B54B34B666A446 /* Copy Pods Resources */ = {
			isa = PBXShellScriptBuildPhase;
			buildActionMask = 2147483647;
			files = (
			);
			inputPaths = (
			);
			name = "Copy Pods Resources";
			outputPaths = (
			);
			runOnlyForDeploymentPostprocessing = 0;
			shellPath = /bin/sh;
			shellScript = "\"${SRCROOT}/Pods/Pods-resources.sh\"\n";
			showEnvVarsInLog = 0;
		};
/* End PBXShellScriptBuildPhase section */

/* Begin PBXSourcesBuildPhase section */
		B7E020B918C506260016C912 /* Sources */ = {
			isa = PBXSourcesBuildPhase;
			buildActionMask = 2147483647;
			files = (
				B7E020CD18C506260016C912 /* main.m in Sources */,
				B7C3CCF71969FB6400126C4C /* Restaurant.m in Sources */,
				B7C3CCE9195F716C00126C4C /* SearchViewController.m in Sources */,
				B7E020D718C506260016C912 /* SafeToEatViewController.m in Sources */,
				B7C3CCF1195FFE3200126C4C /* RestaurantTableViewController.m in Sources */,
				B7C3CCF41960638D00126C4C /* InspectionsTableViewController.m in Sources */,
				B7E020D118C506260016C912 /* SafeToEatAppDelegate.m in Sources */,
			);
			runOnlyForDeploymentPostprocessing = 0;
		};
		B7E020DA18C506260016C912 /* Sources */ = {
			isa = PBXSourcesBuildPhase;
			buildActionMask = 2147483647;
			files = (
				B7E020EC18C506260016C912 /* SafeToEatTests.m in Sources */,
			);
			runOnlyForDeploymentPostprocessing = 0;
		};
/* End PBXSourcesBuildPhase section */

/* Begin PBXTargetDependency section */
		B7E020E418C506260016C912 /* PBXTargetDependency */ = {
			isa = PBXTargetDependency;
			target = B7E020BC18C506260016C912 /* SafeToEat */;
			targetProxy = B7E020E318C506260016C912 /* PBXContainerItemProxy */;
		};
/* End PBXTargetDependency section */

/* Begin PBXVariantGroup section */
		B7E020C918C506260016C912 /* InfoPlist.strings */ = {
			isa = PBXVariantGroup;
			children = (
				B7E020CA18C506260016C912 /* en */,
			);
			name = InfoPlist.strings;
			sourceTree = "<group>";
		};
		B7E020D218C506260016C912 /* Main.storyboard */ = {
			isa = PBXVariantGroup;
			children = (
				B7E020D318C506260016C912 /* Base */,
			);
			name = Main.storyboard;
			sourceTree = "<group>";
		};
		B7E020E818C506260016C912 /* InfoPlist.strings */ = {
			isa = PBXVariantGroup;
			children = (
				B7E020E918C506260016C912 /* en */,
			);
			name = InfoPlist.strings;
			sourceTree = "<group>";
		};
/* End PBXVariantGroup section */

/* Begin XCBuildConfiguration section */
		B7E020ED18C506260016C912 /* Debug */ = {
			isa = XCBuildConfiguration;
			buildSettings = {
				ALWAYS_SEARCH_USER_PATHS = NO;
				CLANG_CXX_LANGUAGE_STANDARD = "gnu++0x";
				CLANG_CXX_LIBRARY = "libc++";
				CLANG_ENABLE_MODULES = YES;
				CLANG_ENABLE_OBJC_ARC = YES;
				CLANG_WARN_BOOL_CONVERSION = YES;
				CLANG_WARN_CONSTANT_CONVERSION = YES;
				CLANG_WARN_DIRECT_OBJC_ISA_USAGE = YES_ERROR;
				CLANG_WARN_EMPTY_BODY = YES;
				CLANG_WARN_ENUM_CONVERSION = YES;
				CLANG_WARN_INT_CONVERSION = YES;
				CLANG_WARN_OBJC_ROOT_CLASS = YES_ERROR;
				CLANG_WARN__DUPLICATE_METHOD_MATCH = YES;
				"CODE_SIGN_IDENTITY[sdk=iphoneos*]" = "iPhone Developer";
				COPY_PHASE_STRIP = NO;
				GCC_C_LANGUAGE_STANDARD = gnu99;
				GCC_DYNAMIC_NO_PIC = NO;
				GCC_OPTIMIZATION_LEVEL = 0;
				GCC_PREPROCESSOR_DEFINITIONS = (
					"DEBUG=1",
					"$(inherited)",
				);
				GCC_SYMBOLS_PRIVATE_EXTERN = NO;
				GCC_WARN_64_TO_32_BIT_CONVERSION = YES;
				GCC_WARN_ABOUT_RETURN_TYPE = YES_ERROR;
				GCC_WARN_UNDECLARED_SELECTOR = YES;
				GCC_WARN_UNINITIALIZED_AUTOS = YES;
				GCC_WARN_UNUSED_FUNCTION = YES;
				GCC_WARN_UNUSED_VARIABLE = YES;
				IPHONEOS_DEPLOYMENT_TARGET = 7.0;
				ONLY_ACTIVE_ARCH = YES;
				SDKROOT = iphoneos;
			};
			name = Debug;
		};
		B7E020EE18C506260016C912 /* Release */ = {
			isa = XCBuildConfiguration;
			buildSettings = {
				ALWAYS_SEARCH_USER_PATHS = NO;
				CLANG_CXX_LANGUAGE_STANDARD = "gnu++0x";
				CLANG_CXX_LIBRARY = "libc++";
				CLANG_ENABLE_MODULES = YES;
				CLANG_ENABLE_OBJC_ARC = YES;
				CLANG_WARN_BOOL_CONVERSION = YES;
				CLANG_WARN_CONSTANT_CONVERSION = YES;
				CLANG_WARN_DIRECT_OBJC_ISA_USAGE = YES_ERROR;
				CLANG_WARN_EMPTY_BODY = YES;
				CLANG_WARN_ENUM_CONVERSION = YES;
				CLANG_WARN_INT_CONVERSION = YES;
				CLANG_WARN_OBJC_ROOT_CLASS = YES_ERROR;
				CLANG_WARN__DUPLICATE_METHOD_MATCH = YES;
				"CODE_SIGN_IDENTITY[sdk=iphoneos*]" = "iPhone Developer";
				COPY_PHASE_STRIP = YES;
				ENABLE_NS_ASSERTIONS = NO;
				GCC_C_LANGUAGE_STANDARD = gnu99;
				GCC_WARN_64_TO_32_BIT_CONVERSION = YES;
				GCC_WARN_ABOUT_RETURN_TYPE = YES_ERROR;
				GCC_WARN_UNDECLARED_SELECTOR = YES;
				GCC_WARN_UNINITIALIZED_AUTOS = YES;
				GCC_WARN_UNUSED_FUNCTION = YES;
				GCC_WARN_UNUSED_VARIABLE = YES;
				IPHONEOS_DEPLOYMENT_TARGET = 7.0;
				SDKROOT = iphoneos;
				VALIDATE_PRODUCT = YES;
			};
			name = Release;
		};
		B7E020F018C506260016C912 /* Debug */ = {
			isa = XCBuildConfiguration;
			baseConfigurationReference = F0CA2173F83D41DEA6822016 /* Pods.xcconfig */;
			buildSettings = {
				ASSETCATALOG_COMPILER_APPICON_NAME = AppIcon;
				ASSETCATALOG_COMPILER_LAUNCHIMAGE_NAME = LaunchImage;
				GCC_PRECOMPILE_PREFIX_HEADER = YES;
				GCC_PREFIX_HEADER = "SafeToEat/SafeToEat-Prefix.pch";
				INFOPLIST_FILE = "SafeToEat/SafeToEat-Info.plist";
				IPHONEOS_DEPLOYMENT_TARGET = 7.1;
				PRODUCT_NAME = "$(TARGET_NAME)";
				WRAPPER_EXTENSION = app;
			};
			name = Debug;
		};
		B7E020F118C506260016C912 /* Release */ = {
			isa = XCBuildConfiguration;
			baseConfigurationReference = F0CA2173F83D41DEA6822016 /* Pods.xcconfig */;
			buildSettings = {
				ASSETCATALOG_COMPILER_APPICON_NAME = AppIcon;
				ASSETCATALOG_COMPILER_LAUNCHIMAGE_NAME = LaunchImage;
				GCC_PRECOMPILE_PREFIX_HEADER = YES;
				GCC_PREFIX_HEADER = "SafeToEat/SafeToEat-Prefix.pch";
				INFOPLIST_FILE = "SafeToEat/SafeToEat-Info.plist";
				IPHONEOS_DEPLOYMENT_TARGET = 7.1;
				PRODUCT_NAME = "$(TARGET_NAME)";
				WRAPPER_EXTENSION = app;
			};
			name = Release;
		};
		B7E020F318C506260016C912 /* Debug */ = {
			isa = XCBuildConfiguration;
			buildSettings = {
				BUNDLE_LOADER = "$(BUILT_PRODUCTS_DIR)/SafeToEat.app/SafeToEat";
				FRAMEWORK_SEARCH_PATHS = (
					"$(SDKROOT)/Developer/Library/Frameworks",
					"$(inherited)",
					"$(DEVELOPER_FRAMEWORKS_DIR)",
				);
				GCC_PRECOMPILE_PREFIX_HEADER = YES;
				GCC_PREFIX_HEADER = "SafeToEat/SafeToEat-Prefix.pch";
				GCC_PREPROCESSOR_DEFINITIONS = (
					"DEBUG=1",
					"$(inherited)",
				);
				INFOPLIST_FILE = "SafeToEatTests/SafeToEatTests-Info.plist";
				PRODUCT_NAME = "$(TARGET_NAME)";
				TEST_HOST = "$(BUNDLE_LOADER)";
				WRAPPER_EXTENSION = xctest;
			};
			name = Debug;
		};
		B7E020F418C506260016C912 /* Release */ = {
			isa = XCBuildConfiguration;
			buildSettings = {
				BUNDLE_LOADER = "$(BUILT_PRODUCTS_DIR)/SafeToEat.app/SafeToEat";
				FRAMEWORK_SEARCH_PATHS = (
					"$(SDKROOT)/Developer/Library/Frameworks",
					"$(inherited)",
					"$(DEVELOPER_FRAMEWORKS_DIR)",
				);
				GCC_PRECOMPILE_PREFIX_HEADER = YES;
				GCC_PREFIX_HEADER = "SafeToEat/SafeToEat-Prefix.pch";
				INFOPLIST_FILE = "SafeToEatTests/SafeToEatTests-Info.plist";
				PRODUCT_NAME = "$(TARGET_NAME)";
				TEST_HOST = "$(BUNDLE_LOADER)";
				WRAPPER_EXTENSION = xctest;
			};
			name = Release;
		};
/* End XCBuildConfiguration section */

/* Begin XCConfigurationList section */
		B7E020B818C506260016C912 /* Build configuration list for PBXProject "SafeToEat" */ = {
			isa = XCConfigurationList;
			buildConfigurations = (
				B7E020ED18C506260016C912 /* Debug */,
				B7E020EE18C506260016C912 /* Release */,
			);
			defaultConfigurationIsVisible = 0;
			defaultConfigurationName = Release;
		};
		B7E020EF18C506260016C912 /* Build configuration list for PBXNativeTarget "SafeToEat" */ = {
			isa = XCConfigurationList;
			buildConfigurations = (
				B7E020F018C506260016C912 /* Debug */,
				B7E020F118C506260016C912 /* Release */,
			);
			defaultConfigurationIsVisible = 0;
			defaultConfigurationName = Release;
		};
		B7E020F218C506260016C912 /* Build configuration list for PBXNativeTarget "SafeToEatTests" */ = {
			isa = XCConfigurationList;
			buildConfigurations = (
				B7E020F318C506260016C912 /* Debug */,
				B7E020F418C506260016C912 /* Release */,
			);
			defaultConfigurationIsVisible = 0;
			defaultConfigurationName = Release;
		};
/* End XCConfigurationList section */
	};
	rootObject = B7E020B518C506260016C912 /* Project object */;
}
